
Microsoft Visual Studio Solution File, Format Version 12.00
# Visual Studio Version 16
VisualStudioVersion = 16.0.31112.23
MinimumVisualStudioVersion = 10.0.40219.1
Project("{9A19103F-16F7-4668-BE54-9A1E7A4F7556}") = "DevExpress.ProductsDemo.Win.NetCore.Desktop", "DevExpress.ProductsDemo.Win\DevExpress.ProductsDemo.Win.NetCore.Desktop.csproj", "{222BACB7-54CC-0D96-307E-1D0E54160C87}"
EndProject
Global
	GlobalSection(SolutionConfigurationPlatforms) = preSolution
		Debug|Any CPU = Debug|Any CPU
		DebugTest|Any CPU = DebugTest|Any CPU
		Release|Any CPU = Release|Any CPU
	EndGlobalSection
	GlobalSection(ProjectConfigurationPlatforms) = postSolution
		{222BACB7-54CC-0D96-307E-1D0E54160C87}.Debug|Any CPU.ActiveCfg = Debug|Any CPU
		{222BACB7-54CC-0D96-307E-1D0E54160C87}.Debug|Any CPU.Build.0 = Debug|Any CPU
		{222BACB7-54CC-0D96-307E-1D0E54160C87}.DebugTest|Any CPU.ActiveCfg = DebugTest|Any CPU
		{222BACB7-54CC-0D96-307E-1D0E54160C87}.DebugTest|Any CPU.Build.0 = DebugTest|Any CPU
		{222BACB7-54CC-0D96-307E-1D0E54160C87}.Release|Any CPU.ActiveCfg = Release|Any CPU
		{222BACB7-54CC-0D96-307E-1D0E54160C87}.Release|Any CPU.Build.0 = Release|Any CPU
	EndGlobalSection
	GlobalSection(SolutionProperties) = preSolution
		HideSolutionNode = FALSE
	EndGlobalSection
	GlobalSection(ExtensibilityGlobals) = postSolution
		SolutionGuid = {8CD03DEE-F543-4B39-ABC1-39BE40BBA577}
	EndGlobalSection
EndGlobal
