
Microsoft Visual Studio Solution File, Format Version 12.00
# Visual Studio 15
VisualStudioVersion = 15.0.28010.2041
MinimumVisualStudioVersion = 10.0.40219.1
Project("{FAE04EC0-301F-11D3-BF4B-00C04F79EFBC}") = "DevExpress.ProductsDemo.Win", "DevExpress.ProductsDemo.Win\DevExpress.ProductsDemo.Win.csproj", "{0D6B96B7-883B-4F8D-8B28-AB854D0264BF}"
EndProject
Global
	GlobalSection(SolutionConfigurationPlatforms) = preSolution
		Debug|Any CPU = Debug|Any CPU
		Release|Any CPU = Release|Any CPU
	EndGlobalSection
	GlobalSection(ProjectConfigurationPlatforms) = postSolution
		{0D6B96B7-883B-4F8D-8B28-AB854D0264BF}.Debug|Any CPU.ActiveCfg = Debug|Any CPU
		{0D6B96B7-883B-4F8D-8B28-AB854D0264BF}.Debug|Any CPU.Build.0 = Debug|Any CPU
		{0D6B96B7-883B-4F8D-8B28-AB854D0264BF}.Release|Any CPU.ActiveCfg = Release|Any CPU
		{0D6B96B7-883B-4F8D-8B28-AB854D0264BF}.Release|Any CPU.Build.0 = Release|Any CPU
	EndGlobalSection
	GlobalSection(SolutionProperties) = preSolution
		HideSolutionNode = FALSE
	EndGlobalSection
	GlobalSection(ExtensibilityGlobals) = postSolution
		SolutionGuid = {83F3A0CE-B3D5-4A8D-BBFC-4E760C02F523}
	EndGlobalSection
EndGlobal
